# This file is automatically @generated by Cargo.
# It is not intended for manual editing.
version = 4

[[package]]
name = "loom-cli"
version = "0.0.1"

[[package]]
name = "loom-net"
version = "0.0.1"

[[package]]
name = "loom-syntax"
version = "0.0.1"

[[package]]
name = "loom-vm"
version = "0.0.1"
